// !$*UTF8*$!
{
	archiveVersion = 1;
	classes = {
	};
	objectVersion = 51;
	objects = {

/* Begin PBXBuildFile section */
		F1297FEC23D2543300E3736E /* AppDelegate.swift in Sources */ = {isa = PBXBuildFile; fileRef = F1297FEB23D2543300E3736E /* AppDelegate.swift */; };
		F1297FEE23D2543300E3736E /* SceneDelegate.swift in Sources */ = {isa = PBXBuildFile; fileRef = F1297FED23D2543300E3736E /* SceneDelegate.swift */; };
		F1297FF523D2543300E3736E /* Main.storyboard in Resources */ = {isa = PBXBuildFile; fileRef = F1297FF323D2543300E3736E /* Main.storyboard */; };
		F1297FF723D2543400E3736E /* Assets.xcassets in Resources */ = {isa = PBXBuildFile; fileRef = F1297FF623D2543400E3736E /* Assets.xcassets */; };
		F1297FFA23D2543400E3736E /* LaunchScreen.storyboard in Resources */ = {isa = PBXBuildFile; fileRef = F1297FF823D2543400E3736E /* LaunchScreen.storyboard */; };
		F129800223D2550C00E3736E /* GoogleService-Info.plist in Resources */ = {isa = PBXBuildFile; fileRef = F129800123D2550C00E3736E /* GoogleService-Info.plist */; };
		F156A8CE1506523CF313C774 /* Pods_WorkmanCiera_HealthyPawz.framework in Frameworks */ = {isa = PBXBuildFile; fileRef = 92917F71A5BDE4D647131F61 /* Pods_WorkmanCiera_HealthyPawz.framework */; };
		F1A1728423D8077300DCBEDC /* Pets_VC.swift in Sources */ = {isa = PBXBuildFile; fileRef = F1A1728323D8077300DCBEDC /* Pets_VC.swift */; };
		F1A1728623D8078700DCBEDC /* Providers_VC.swift in Sources */ = {isa = PBXBuildFile; fileRef = F1A1728523D8078700DCBEDC /* Providers_VC.swift */; };
		F1A1728D23D829D500DCBEDC /* Login_VC.swift in Sources */ = {isa = PBXBuildFile; fileRef = F1A1728C23D829D500DCBEDC /* Login_VC.swift */; };
		F1A1728F23D829E900DCBEDC /* SignUp_VC.swift in Sources */ = {isa = PBXBuildFile; fileRef = F1A1728E23D829E900DCBEDC /* SignUp_VC.swift */; };
		F1A1729123D82A0200DCBEDC /* Landing_VC.swift in Sources */ = {isa = PBXBuildFile; fileRef = F1A1729023D82A0200DCBEDC /* Landing_VC.swift */; };
		F1A1729323D832C700DCBEDC /* Default-568h@2x.png in Resources */ = {isa = PBXBuildFile; fileRef = F1A1729223D832C700DCBEDC /* Default-568h@2x.png */; };
		F1A1729823D90E3000DCBEDC /* Utilities.swift in Sources */ = {isa = PBXBuildFile; fileRef = F1A1729723D90E3000DCBEDC /* Utilities.swift */; };
		F1A1729A23D9207F00DCBEDC /* Pets.swift in Sources */ = {isa = PBXBuildFile; fileRef = F1A1729923D9207F00DCBEDC /* Pets.swift */; };
		F1A1729C23D9332200DCBEDC /* AddPet_VC.swift in Sources */ = {isa = PBXBuildFile; fileRef = F1A1729B23D9332200DCBEDC /* AddPet_VC.swift */; };
/* End PBXBuildFile section */

/* Begin PBXFileReference section */
		37D28F4EFB443490D11D324F /* Pods-WorkmanCiera_HealthyPawz.debug.xcconfig */ = {isa = PBXFileReference; includeInIndex = 1; lastKnownFileType = text.xcconfig; name = "Pods-WorkmanCiera_HealthyPawz.debug.xcconfig"; path = "Target Support Files/Pods-WorkmanCiera_HealthyPawz/Pods-WorkmanCiera_HealthyPawz.debug.xcconfig"; sourceTree = "<group>"; };
		92917F71A5BDE4D647131F61 /* Pods_WorkmanCiera_HealthyPawz.framework */ = {isa = PBXFileReference; explicitFileType = wrapper.framework; includeInIndex = 0; path = Pods_WorkmanCiera_HealthyPawz.framework; sourceTree = BUILT_PRODUCTS_DIR; };
		D0906A9000446E1DC4D0A159 /* Pods-WorkmanCiera_HealthyPawz.release.xcconfig */ = {isa = PBXFileReference; includeInIndex = 1; lastKnownFileType = text.xcconfig; name = "Pods-WorkmanCiera_HealthyPawz.release.xcconfig"; path = "Target Support Files/Pods-WorkmanCiera_HealthyPawz/Pods-WorkmanCiera_HealthyPawz.release.xcconfig"; sourceTree = "<group>"; };
		F1297FE823D2543300E3736E /* WorkmanCiera_HealthyPawz.app */ = {isa = PBXFileReference; explicitFileType = wrapper.application; includeInIndex = 0; path = WorkmanCiera_HealthyPawz.app; sourceTree = BUILT_PRODUCTS_DIR; };
		F1297FEB23D2543300E3736E /* AppDelegate.swift */ = {isa = PBXFileReference; lastKnownFileType = sourcecode.swift; path = AppDelegate.swift; sourceTree = "<group>"; };
		F1297FED23D2543300E3736E /* SceneDelegate.swift */ = {isa = PBXFileReference; lastKnownFileType = sourcecode.swift; path = SceneDelegate.swift; sourceTree = "<group>"; };
		F1297FF423D2543300E3736E /* Base */ = {isa = PBXFileReference; lastKnownFileType = file.storyboard; name = Base; path = Base.lproj/Main.storyboard; sourceTree = "<group>"; };
		F1297FF623D2543400E3736E /* Assets.xcassets */ = {isa = PBXFileReference; lastKnownFileType = folder.assetcatalog; path = Assets.xcassets; sourceTree = "<group>"; };
		F1297FF923D2543400E3736E /* Base */ = {isa = PBXFileReference; lastKnownFileType = file.storyboard; name = Base; path = Base.lproj/LaunchScreen.storyboard; sourceTree = "<group>"; };
		F1297FFB23D2543400E3736E /* Info.plist */ = {isa = PBXFileReference; lastKnownFileType = text.plist.xml; path = Info.plist; sourceTree = "<group>"; };
		F129800123D2550C00E3736E /* GoogleService-Info.plist */ = {isa = PBXFileReference; fileEncoding = 4; lastKnownFileType = text.plist.xml; path = "GoogleService-Info.plist"; sourceTree = "<group>"; };
		F1A1728323D8077300DCBEDC /* Pets_VC.swift */ = {isa = PBXFileReference; lastKnownFileType = sourcecode.swift; path = Pets_VC.swift; sourceTree = "<group>"; };
		F1A1728523D8078700DCBEDC /* Providers_VC.swift */ = {isa = PBXFileReference; lastKnownFileType = sourcecode.swift; path = Providers_VC.swift; sourceTree = "<group>"; };
		F1A1728C23D829D500DCBEDC /* Login_VC.swift */ = {isa = PBXFileReference; lastKnownFileType = sourcecode.swift; path = Login_VC.swift; sourceTree = "<group>"; };
		F1A1728E23D829E900DCBEDC /* SignUp_VC.swift */ = {isa = PBXFileReference; lastKnownFileType = sourcecode.swift; path = SignUp_VC.swift; sourceTree = "<group>"; };
		F1A1729023D82A0200DCBEDC /* Landing_VC.swift */ = {isa = PBXFileReference; lastKnownFileType = sourcecode.swift; path = Landing_VC.swift; sourceTree = "<group>"; };
		F1A1729223D832C700DCBEDC /* Default-568h@2x.png */ = {isa = PBXFileReference; lastKnownFileType = image.png; path = "Default-568h@2x.png"; sourceTree = "<group>"; };
		F1A1729723D90E3000DCBEDC /* Utilities.swift */ = {isa = PBXFileReference; lastKnownFileType = sourcecode.swift; path = Utilities.swift; sourceTree = "<group>"; };
		F1A1729923D9207F00DCBEDC /* Pets.swift */ = {isa = PBXFileReference; lastKnownFileType = sourcecode.swift; path = Pets.swift; sourceTree = "<group>"; };
		F1A1729B23D9332200DCBEDC /* AddPet_VC.swift */ = {isa = PBXFileReference; lastKnownFileType = sourcecode.swift; path = AddPet_VC.swift; sourceTree = "<group>"; };
/* End PBXFileReference section */

/* Begin PBXFrameworksBuildPhase section */
		F1297FE523D2543200E3736E /* Frameworks */ = {
			isa = PBXFrameworksBuildPhase;
			buildActionMask = 2147483647;
			files = (
				F156A8CE1506523CF313C774 /* Pods_WorkmanCiera_HealthyPawz.framework in Frameworks */,
			);
			runOnlyForDeploymentPostprocessing = 0;
		};
/* End PBXFrameworksBuildPhase section */

/* Begin PBXGroup section */
		385EE91DF2F7FC0E22D43CF7 /* Frameworks */ = {
			isa = PBXGroup;
			children = (
				92917F71A5BDE4D647131F61 /* Pods_WorkmanCiera_HealthyPawz.framework */,
			);
			name = Frameworks;
			sourceTree = "<group>";
		};
		8526B004DDCE363E2FF7C8A2 /* Pods */ = {
			isa = PBXGroup;
			children = (
				37D28F4EFB443490D11D324F /* Pods-WorkmanCiera_HealthyPawz.debug.xcconfig */,
				D0906A9000446E1DC4D0A159 /* Pods-WorkmanCiera_HealthyPawz.release.xcconfig */,
			);
			path = Pods;
			sourceTree = "<group>";
		};
		F1297FDF23D2543200E3736E = {
			isa = PBXGroup;
			children = (
				F1A1729223D832C700DCBEDC /* Default-568h@2x.png */,
				F1297FEA23D2543300E3736E /* WorkmanCiera_HealthyPawz */,
				F1297FE923D2543300E3736E /* Products */,
				8526B004DDCE363E2FF7C8A2 /* Pods */,
				385EE91DF2F7FC0E22D43CF7 /* Frameworks */,
			);
			sourceTree = "<group>";
		};
		F1297FE923D2543300E3736E /* Products */ = {
			isa = PBXGroup;
			children = (
				F1297FE823D2543300E3736E /* WorkmanCiera_HealthyPawz.app */,
			);
			name = Products;
			sourceTree = "<group>";
		};
		F1297FEA23D2543300E3736E /* WorkmanCiera_HealthyPawz */ = {
			isa = PBXGroup;
			children = (
				F1A1728923D807F000DCBEDC /* Delegates */,
				F1A1728823D807D000DCBEDC /* ViewControllers */,
				F1A1728A23D8080100DCBEDC /* Storyboards */,
				F1297FF623D2543400E3736E /* Assets.xcassets */,
				F1297FFB23D2543400E3736E /* Info.plist */,
				F129800123D2550C00E3736E /* GoogleService-Info.plist */,
				F1A1729723D90E3000DCBEDC /* Utilities.swift */,
				F1A1729923D9207F00DCBEDC /* Pets.swift */,
			);
			path = WorkmanCiera_HealthyPawz;
			sourceTree = "<group>";
		};
		F1A1728823D807D000DCBEDC /* ViewControllers */ = {
			isa = PBXGroup;
			children = (
				F1A1728323D8077300DCBEDC /* Pets_VC.swift */,
				F1A1728523D8078700DCBEDC /* Providers_VC.swift */,
				F1A1728C23D829D500DCBEDC /* Login_VC.swift */,
				F1A1728E23D829E900DCBEDC /* SignUp_VC.swift */,
				F1A1729023D82A0200DCBEDC /* Landing_VC.swift */,
				F1A1729B23D9332200DCBEDC /* AddPet_VC.swift */,
			);
			path = ViewControllers;
			sourceTree = "<group>";
		};
		F1A1728923D807F000DCBEDC /* Delegates */ = {
			isa = PBXGroup;
			children = (
				F1297FEB23D2543300E3736E /* AppDelegate.swift */,
				F1297FED23D2543300E3736E /* SceneDelegate.swift */,
			);
			path = Delegates;
			sourceTree = "<group>";
		};
		F1A1728A23D8080100DCBEDC /* Storyboards */ = {
			isa = PBXGroup;
			children = (
				F1297FF323D2543300E3736E /* Main.storyboard */,
				F1297FF823D2543400E3736E /* LaunchScreen.storyboard */,
			);
			path = Storyboards;
			sourceTree = "<group>";
		};
/* End PBXGroup section */

/* Begin PBXNativeTarget section */
		F1297FE723D2543200E3736E /* WorkmanCiera_HealthyPawz */ = {
			isa = PBXNativeTarget;
			buildConfigurationList = F1297FFE23D2543400E3736E /* Build configuration list for PBXNativeTarget "WorkmanCiera_HealthyPawz" */;
			buildPhases = (
				492260126B4EBCBD3C0F088D /* [CP] Check Pods Manifest.lock */,
				F1297FE423D2543200E3736E /* Sources */,
				F1297FE523D2543200E3736E /* Frameworks */,
				F1297FE623D2543200E3736E /* Resources */,
				AF3D0BD41842521BFBB588B6 /* [CP] Embed Pods Frameworks */,
			);
			buildRules = (
			);
			dependencies = (
			);
			name = WorkmanCiera_HealthyPawz;
			productName = WorkmanCiera_HealthyPawz;
			productReference = F1297FE823D2543300E3736E /* WorkmanCiera_HealthyPawz.app */;
			productType = "com.apple.product-type.application";
		};
/* End PBXNativeTarget section */

/* Begin PBXProject section */
		F1297FE023D2543200E3736E /* Project object */ = {
			isa = PBXProject;
			attributes = {
				LastSwiftUpdateCheck = 1130;
				LastUpgradeCheck = 1130;
				ORGANIZATIONNAME = "Ciera Workman";
				TargetAttributes = {
					F1297FE723D2543200E3736E = {
						CreatedOnToolsVersion = 11.3.1;
					};
				};
			};
			buildConfigurationList = F1297FE323D2543200E3736E /* Build configuration list for PBXProject "WorkmanCiera_HealthyPawz" */;
			compatibilityVersion = "Xcode 9.3";
			developmentRegion = en;
			hasScannedForEncodings = 0;
			knownRegions = (
				en,
				Base,
			);
			mainGroup = F1297FDF23D2543200E3736E;
			productRefGroup = F1297FE923D2543300E3736E /* Products */;
			projectDirPath = "";
			projectRoot = "";
			targets = (
				F1297FE723D2543200E3736E /* WorkmanCiera_HealthyPawz */,
			);
		};
/* End PBXProject section */

/* Begin PBXResourcesBuildPhase section */
		F1297FE623D2543200E3736E /* Resources */ = {
			isa = PBXResourcesBuildPhase;
			buildActionMask = 2147483647;
			files = (
				F1297FFA23D2543400E3736E /* LaunchScreen.storyboard in Resources */,
				F129800223D2550C00E3736E /* GoogleService-Info.plist in Resources */,
				F1297FF723D2543400E3736E /* Assets.xcassets in Resources */,
				F1A1729323D832C700DCBEDC /* Default-568h@2x.png in Resources */,
				F1297FF523D2543300E3736E /* Main.storyboard in Resources */,
			);
			runOnlyForDeploymentPostprocessing = 0;
		};
/* End PBXResourcesBuildPhase section */

/* Begin PBXShellScriptBuildPhase section */
		492260126B4EBCBD3C0F088D /* [CP] Check Pods Manifest.lock */ = {
			isa = PBXShellScriptBuildPhase;
			buildActionMask = 2147483647;
			files = (
			);
			inputFileListPaths = (
			);
			inputPaths = (
				"${PODS_PODFILE_DIR_PATH}/Podfile.lock",
				"${PODS_ROOT}/Manifest.lock",
			);
			name = "[CP] Check Pods Manifest.lock";
			outputFileListPaths = (
			);
			outputPaths = (
				"$(DERIVED_FILE_DIR)/Pods-WorkmanCiera_HealthyPawz-checkManifestLockResult.txt",
			);
			runOnlyForDeploymentPostprocessing = 0;
			shellPath = /bin/sh;
			shellScript = "diff \"${PODS_PODFILE_DIR_PATH}/Podfile.lock\" \"${PODS_ROOT}/Manifest.lock\" > /dev/null\nif [ $? != 0 ] ; then\n    # print error to STDERR\n    echo \"error: The sandbox is not in sync with the Podfile.lock. Run 'pod install' or update your CocoaPods installation.\" >&2\n    exit 1\nfi\n# This output is used by Xcode 'outputs' to avoid re-running this script phase.\necho \"SUCCESS\" > \"${SCRIPT_OUTPUT_FILE_0}\"\n";
			showEnvVarsInLog = 0;
		};
		AF3D0BD41842521BFBB588B6 /* [CP] Embed Pods Frameworks */ = {
			isa = PBXShellScriptBuildPhase;
			buildActionMask = 2147483647;
			files = (
			);
			inputFileListPaths = (
				"${PODS_ROOT}/Target Support Files/Pods-WorkmanCiera_HealthyPawz/Pods-WorkmanCiera_HealthyPawz-frameworks-${CONFIGURATION}-input-files.xcfilelist",
			);
			name = "[CP] Embed Pods Frameworks";
			outputFileListPaths = (
				"${PODS_ROOT}/Target Support Files/Pods-WorkmanCiera_HealthyPawz/Pods-WorkmanCiera_HealthyPawz-frameworks-${CONFIGURATION}-output-files.xcfilelist",
			);
			runOnlyForDeploymentPostprocessing = 0;
			shellPath = /bin/sh;
			shellScript = "\"${PODS_ROOT}/Target Support Files/Pods-WorkmanCiera_HealthyPawz/Pods-WorkmanCiera_HealthyPawz-frameworks.sh\"\n";
			showEnvVarsInLog = 0;
		};
/* End PBXShellScriptBuildPhase section */

/* Begin PBXSourcesBuildPhase section */
		F1297FE423D2543200E3736E /* Sources */ = {
			isa = PBXSourcesBuildPhase;
			buildActionMask = 2147483647;
			files = (
				F1A1729C23D9332200DCBEDC /* AddPet_VC.swift in Sources */,
				F1297FEC23D2543300E3736E /* AppDelegate.swift in Sources */,
				F1297FEE23D2543300E3736E /* SceneDelegate.swift in Sources */,
				F1A1729A23D9207F00DCBEDC /* Pets.swift in Sources */,
				F1A1728F23D829E900DCBEDC /* SignUp_VC.swift in Sources */,
				F1A1729123D82A0200DCBEDC /* Landing_VC.swift in Sources */,
				F1A1728423D8077300DCBEDC /* Pets_VC.swift in Sources */,
				F1A1728623D8078700DCBEDC /* Providers_VC.swift in Sources */,
				F1A1729823D90E3000DCBEDC /* Utilities.swift in Sources */,
				F1A1728D23D829D500DCBEDC /* Login_VC.swift in Sources */,
			);
			runOnlyForDeploymentPostprocessing = 0;
		};
/* End PBXSourcesBuildPhase section */

/* Begin PBXVariantGroup section */
		F1297FF323D2543300E3736E /* Main.storyboard */ = {
			isa = PBXVariantGroup;
			children = (
				F1297FF423D2543300E3736E /* Base */,
			);
			name = Main.storyboard;
			sourceTree = "<group>";
		};
		F1297FF823D2543400E3736E /* LaunchScreen.storyboard */ = {
			isa = PBXVariantGroup;
			children = (
				F1297FF923D2543400E3736E /* Base */,
			);
			name = LaunchScreen.storyboard;
			sourceTree = "<group>";
		};
/* End PBXVariantGroup section */

/* Begin XCBuildConfiguration section */
		F1297FFC23D2543400E3736E /* Debug */ = {
			isa = XCBuildConfiguration;
			buildSettings = {
				ALWAYS_SEARCH_USER_PATHS = NO;
				CLANG_ANALYZER_NONNULL = YES;
				CLANG_ANALYZER_NUMBER_OBJECT_CONVERSION = YES_AGGRESSIVE;
				CLANG_CXX_LANGUAGE_STANDARD = "gnu++14";
				CLANG_CXX_LIBRARY = "libc++";
				CLANG_ENABLE_MODULES = YES;
				CLANG_ENABLE_OBJC_ARC = YES;
				CLANG_ENABLE_OBJC_WEAK = YES;
				CLANG_WARN_BLOCK_CAPTURE_AUTORELEASING = YES;
				CLANG_WARN_BOOL_CONVERSION = YES;
				CLANG_WARN_COMMA = YES;
				CLANG_WARN_CONSTANT_CONVERSION = YES;
				CLANG_WARN_DEPRECATED_OBJC_IMPLEMENTATIONS = YES;
				CLANG_WARN_DIRECT_OBJC_ISA_USAGE = YES_ERROR;
				CLANG_WARN_DOCUMENTATION_COMMENTS = YES;
				CLANG_WARN_EMPTY_BODY = YES;
				CLANG_WARN_ENUM_CONVERSION = YES;
				CLANG_WARN_INFINITE_RECURSION = YES;
				CLANG_WARN_INT_CONVERSION = YES;
				CLANG_WARN_NON_LITERAL_NULL_CONVERSION = YES;
				CLANG_WARN_OBJC_IMPLICIT_RETAIN_SELF = YES;
				CLANG_WARN_OBJC_LITERAL_CONVERSION = YES;
				CLANG_WARN_OBJC_ROOT_CLASS = YES_ERROR;
				CLANG_WARN_RANGE_LOOP_ANALYSIS = YES;
				CLANG_WARN_STRICT_PROTOTYPES = YES;
				CLANG_WARN_SUSPICIOUS_MOVE = YES;
				CLANG_WARN_UNGUARDED_AVAILABILITY = YES_AGGRESSIVE;
				CLANG_WARN_UNREACHABLE_CODE = YES;
				CLANG_WARN__DUPLICATE_METHOD_MATCH = YES;
				COPY_PHASE_STRIP = NO;
				DEBUG_INFORMATION_FORMAT = dwarf;
				ENABLE_STRICT_OBJC_MSGSEND = YES;
				ENABLE_TESTABILITY = YES;
				GCC_C_LANGUAGE_STANDARD = gnu11;
				GCC_DYNAMIC_NO_PIC = NO;
				GCC_NO_COMMON_BLOCKS = YES;
				GCC_OPTIMIZATION_LEVEL = 0;
				GCC_PREPROCESSOR_DEFINITIONS = (
					"DEBUG=1",
					"$(inherited)",
				);
				GCC_WARN_64_TO_32_BIT_CONVERSION = YES;
				GCC_WARN_ABOUT_RETURN_TYPE = YES_ERROR;
				GCC_WARN_UNDECLARED_SELECTOR = YES;
				GCC_WARN_UNINITIALIZED_AUTOS = YES_AGGRESSIVE;
				GCC_WARN_UNUSED_FUNCTION = YES;
				GCC_WARN_UNUSED_VARIABLE = YES;
				IPHONEOS_DEPLOYMENT_TARGET = 13.2;
				MTL_ENABLE_DEBUG_INFO = INCLUDE_SOURCE;
				MTL_FAST_MATH = YES;
				ONLY_ACTIVE_ARCH = YES;
				SDKROOT = iphoneos;
				SWIFT_ACTIVE_COMPILATION_CONDITIONS = DEBUG;
				SWIFT_OPTIMIZATION_LEVEL = "-Onone";
			};
			name = Debug;
		};
		F1297FFD23D2543400E3736E /* Release */ = {
			isa = XCBuildConfiguration;
			buildSettings = {
				ALWAYS_SEARCH_USER_PATHS = NO;
				CLANG_ANALYZER_NONNULL = YES;
				CLANG_ANALYZER_NUMBER_OBJECT_CONVERSION = YES_AGGRESSIVE;
				CLANG_CXX_LANGUAGE_STANDARD = "gnu++14";
				CLANG_CXX_LIBRARY = "libc++";
				CLANG_ENABLE_MODULES = YES;
				CLANG_ENABLE_OBJC_ARC = YES;
				CLANG_ENABLE_OBJC_WEAK = YES;
				CLANG_WARN_BLOCK_CAPTURE_AUTORELEASING = YES;
				CLANG_WARN_BOOL_CONVERSION = YES;
				CLANG_WARN_COMMA = YES;
				CLANG_WARN_CONSTANT_CONVERSION = YES;
				CLANG_WARN_DEPRECATED_OBJC_IMPLEMENTATIONS = YES;
				CLANG_WARN_DIRECT_OBJC_ISA_USAGE = YES_ERROR;
				CLANG_WARN_DOCUMENTATION_COMMENTS = YES;
				CLANG_WARN_EMPTY_BODY = YES;
				CLANG_WARN_ENUM_CONVERSION = YES;
				CLANG_WARN_INFINITE_RECURSION = YES;
				CLANG_WARN_INT_CONVERSION = YES;
				CLANG_WARN_NON_LITERAL_NULL_CONVERSION = YES;
				CLANG_WARN_OBJC_IMPLICIT_RETAIN_SELF = YES;
				CLANG_WARN_OBJC_LITERAL_CONVERSION = YES;
				CLANG_WARN_OBJC_ROOT_CLASS = YES_ERROR;
				CLANG_WARN_RANGE_LOOP_ANALYSIS = YES;
				CLANG_WARN_STRICT_PROTOTYPES = YES;
				CLANG_WARN_SUSPICIOUS_MOVE = YES;
				CLANG_WARN_UNGUARDED_AVAILABILITY = YES_AGGRESSIVE;
				CLANG_WARN_UNREACHABLE_CODE = YES;
				CLANG_WARN__DUPLICATE_METHOD_MATCH = YES;
				COPY_PHASE_STRIP = NO;
				DEBUG_INFORMATION_FORMAT = "dwarf-with-dsym";
				ENABLE_NS_ASSERTIONS = NO;
				ENABLE_STRICT_OBJC_MSGSEND = YES;
				GCC_C_LANGUAGE_STANDARD = gnu11;
				GCC_NO_COMMON_BLOCKS = YES;
				GCC_WARN_64_TO_32_BIT_CONVERSION = YES;
				GCC_WARN_ABOUT_RETURN_TYPE = YES_ERROR;
				GCC_WARN_UNDECLARED_SELECTOR = YES;
				GCC_WARN_UNINITIALIZED_AUTOS = YES_AGGRESSIVE;
				GCC_WARN_UNUSED_FUNCTION = YES;
				GCC_WARN_UNUSED_VARIABLE = YES;
				IPHONEOS_DEPLOYMENT_TARGET = 13.2;
				MTL_ENABLE_DEBUG_INFO = NO;
				MTL_FAST_MATH = YES;
				SDKROOT = iphoneos;
				SWIFT_COMPILATION_MODE = wholemodule;
				SWIFT_OPTIMIZATION_LEVEL = "-O";
				VALIDATE_PRODUCT = YES;
			};
			name = Release;
		};
		F1297FFF23D2543400E3736E /* Debug */ = {
			isa = XCBuildConfiguration;
			baseConfigurationReference = 37D28F4EFB443490D11D324F /* Pods-WorkmanCiera_HealthyPawz.debug.xcconfig */;
			buildSettings = {
				ASSETCATALOG_COMPILER_APPICON_NAME = AppIcon;
				CODE_SIGN_STYLE = Automatic;
				INFOPLIST_FILE = WorkmanCiera_HealthyPawz/Info.plist;
				LD_RUNPATH_SEARCH_PATHS = (
					"$(inherited)",
					"@executable_path/Frameworks",
				);
				PRODUCT_BUNDLE_IDENTIFIER = "com.clworkman.fullsail.student.WorkmanCiera-HealthyPawz";
				PRODUCT_NAME = "$(TARGET_NAME)";
				SWIFT_VERSION = 5.0;
				TARGETED_DEVICE_FAMILY = "1,2";
			};
			name = Debug;
		};
		F129800023D2543400E3736E /* Release */ = {
			isa = XCBuildConfiguration;
			baseConfigurationReference = D0906A9000446E1DC4D0A159 /* Pods-WorkmanCiera_HealthyPawz.release.xcconfig */;
			buildSettings = {
				ASSETCATALOG_COMPILER_APPICON_NAME = AppIcon;
				CODE_SIGN_STYLE = Automatic;
				INFOPLIST_FILE = WorkmanCiera_HealthyPawz/Info.plist;
				LD_RUNPATH_SEARCH_PATHS = (
					"$(inherited)",
					"@executable_path/Frameworks",
				);
				PRODUCT_BUNDLE_IDENTIFIER = "com.clworkman.fullsail.student.WorkmanCiera-HealthyPawz";
				PRODUCT_NAME = "$(TARGET_NAME)";
				SWIFT_VERSION = 5.0;
				TARGETED_DEVICE_FAMILY = "1,2";
			};
			name = Release;
		};
/* End XCBuildConfiguration section */

/* Begin XCConfigurationList section */
		F1297FE323D2543200E3736E /* Build configuration list for PBXProject "WorkmanCiera_HealthyPawz" */ = {
			isa = XCConfigurationList;
			buildConfigurations = (
				F1297FFC23D2543400E3736E /* Debug */,
				F1297FFD23D2543400E3736E /* Release */,
			);
			defaultConfigurationIsVisible = 0;
			defaultConfigurationName = Release;
		};
		F1297FFE23D2543400E3736E /* Build configuration list for PBXNativeTarget "WorkmanCiera_HealthyPawz" */ = {
			isa = XCConfigurationList;
			buildConfigurations = (
				F1297FFF23D2543400E3736E /* Debug */,
				F129800023D2543400E3736E /* Release */,
			);
			defaultConfigurationIsVisible = 0;
			defaultConfigurationName = Release;
		};
/* End XCConfigurationList section */
	};
	rootObject = F1297FE023D2543200E3736E /* Project object */;
}
